
Microsoft Visual Studio Solution File, Format Version 12.00
# Visual Studio Version 16
VisualStudioVersion = 16.0.31424.327
MinimumVisualStudioVersion = 10.0.40219.1
Project("{FAE04EC0-301F-11D3-BF4B-00C04F79EFBC}") = "WebApi", "WebApi\WebApi.csproj", "{EC731560-153C-4B31-AA43-960FF2561D96}"
EndProject
Global
	GlobalSection(SolutionConfigurationPlatforms) = preSolution
		Debug|Any CPU = Debug|Any CPU
		Release|Any CPU = Release|Any CPU
	EndGlobalSection
	GlobalSection(ProjectConfigurationPlatforms) = postSolution
		{EC731560-153C-4B31-AA43-960FF2561D96}.Debug|Any CPU.ActiveCfg = Debug|Any CPU
		{EC731560-153C-4B31-AA43-960FF2561D96}.Debug|Any CPU.Build.0 = Debug|Any CPU
		{EC731560-153C-4B31-AA43-960FF2561D96}.Release|Any CPU.ActiveCfg = Release|Any CPU
		{EC731560-153C-4B31-AA43-960FF2561D96}.Release|Any CPU.Build.0 = Release|Any CPU
	EndGlobalSection
	GlobalSection(SolutionProperties) = preSolution
		HideSolutionNode = FALSE
	EndGlobalSection
	GlobalSection(ExtensibilityGlobals) = postSolution
		SolutionGuid = {B5D4C167-CD17-4BB8-9402-3EDAE99B5BBA}
	EndGlobalSection
EndGlobal
